
Microsoft Visual Studio Solution File, Format Version 12.00
# Visual Studio Version 17
VisualStudioVersion = 17.0.31903.59
MinimumVisualStudioVersion = 10.0.40219.1
Project("{2150E333-8FDC-42A3-9474-1A3956D46DE8}") = "src", "src", "{6ACD4FC3-0553-4363-823A-4F7CB32DD7C0}"
EndProject
Project("{FAE04EC0-301F-11D3-BF4B-00C04F79EFBC}") = "hotelreservation_tests", "src\hotelreservation_tests\hotelreservation_tests.csproj", "{41851108-4470-491A-8CAE-672ADDB07549}"
EndProject
Project("{FAE04EC0-301F-11D3-BF4B-00C04F79EFBC}") = "customplugin", "src\customplugin\customplugin.csproj", "{7457356C-B4F7-4199-9237-61DCA4A7132B}"
EndProject
Project("{FAE04EC0-301F-11D3-BF4B-00C04F79EFBC}") = "builtinplugins", "src\builtinplugins\builtinplugins.csproj", "{D12E1A09-B1F4-4C89-B673-5D5C394939CB}"
EndProject
Project("{FAE04EC0-301F-11D3-BF4B-00C04F79EFBC}") = "logging", "src\logging\logging.csproj", "{C4E34412-E4FE-4536-A2C5-9E5F9CAC301E}"
EndProject
Project("{FAE04EC0-301F-11D3-BF4B-00C04F79EFBC}") = "passingargs", "src\passingargs\passingargs.csproj", "{FC6B6A95-E522-4225-A0A6-22DB09E55C73}"
EndProject
Project("{FAE04EC0-301F-11D3-BF4B-00C04F79EFBC}") = "promptexamples", "src\promptexamples\promptexamples.csproj", "{6FB87A7F-CA14-4D42-B2E6-636936213D08}"
EndProject
Project("{FAE04EC0-301F-11D3-BF4B-00C04F79EFBC}") = "simpleprompt", "src\simpleprompt\simpleprompt.csproj", "{CE3EE43F-927F-4E82-9705-2771E9014A02}"
EndProject
Project("{FAE04EC0-301F-11D3-BF4B-00C04F79EFBC}") = "tokencount", "src\tokencount\tokencount.csproj", "{9E4A2BC0-19CC-4498-AE10-166C146DA58E}"
EndProject
Project("{FAE04EC0-301F-11D3-BF4B-00C04F79EFBC}") = "WeatherPluginDemo", "src\WeatherPluginDemo\WeatherPluginDemo.csproj", "{704168E8-FB4A-4655-87AD-C2FC18CD3979}"
EndProject
Project("{FAE04EC0-301F-11D3-BF4B-00C04F79EFBC}") = "hotelreservation", "src\hotelreservation\hotelreservation.csproj", "{5A5254A6-F862-461B-8133-94D767A2D793}"
EndProject
Global
	GlobalSection(SolutionConfigurationPlatforms) = preSolution
		Debug|Any CPU = Debug|Any CPU
		Release|Any CPU = Release|Any CPU
	EndGlobalSection
	GlobalSection(ProjectConfigurationPlatforms) = postSolution
		{41851108-4470-491A-8CAE-672ADDB07549}.Debug|Any CPU.ActiveCfg = Debug|Any CPU
		{41851108-4470-491A-8CAE-672ADDB07549}.Debug|Any CPU.Build.0 = Debug|Any CPU
		{41851108-4470-491A-8CAE-672ADDB07549}.Release|Any CPU.ActiveCfg = Release|Any CPU
		{41851108-4470-491A-8CAE-672ADDB07549}.Release|Any CPU.Build.0 = Release|Any CPU
		{7457356C-B4F7-4199-9237-61DCA4A7132B}.Debug|Any CPU.ActiveCfg = Debug|Any CPU
		{7457356C-B4F7-4199-9237-61DCA4A7132B}.Debug|Any CPU.Build.0 = Debug|Any CPU
		{7457356C-B4F7-4199-9237-61DCA4A7132B}.Release|Any CPU.ActiveCfg = Release|Any CPU
		{7457356C-B4F7-4199-9237-61DCA4A7132B}.Release|Any CPU.Build.0 = Release|Any CPU
		{D12E1A09-B1F4-4C89-B673-5D5C394939CB}.Debug|Any CPU.ActiveCfg = Debug|Any CPU
		{D12E1A09-B1F4-4C89-B673-5D5C394939CB}.Debug|Any CPU.Build.0 = Debug|Any CPU
		{D12E1A09-B1F4-4C89-B673-5D5C394939CB}.Release|Any CPU.ActiveCfg = Release|Any CPU
		{D12E1A09-B1F4-4C89-B673-5D5C394939CB}.Release|Any CPU.Build.0 = Release|Any CPU
		{C4E34412-E4FE-4536-A2C5-9E5F9CAC301E}.Debug|Any CPU.ActiveCfg = Debug|Any CPU
		{C4E34412-E4FE-4536-A2C5-9E5F9CAC301E}.Debug|Any CPU.Build.0 = Debug|Any CPU
		{C4E34412-E4FE-4536-A2C5-9E5F9CAC301E}.Release|Any CPU.ActiveCfg = Release|Any CPU
		{C4E34412-E4FE-4536-A2C5-9E5F9CAC301E}.Release|Any CPU.Build.0 = Release|Any CPU
		{FC6B6A95-E522-4225-A0A6-22DB09E55C73}.Debug|Any CPU.ActiveCfg = Debug|Any CPU
		{FC6B6A95-E522-4225-A0A6-22DB09E55C73}.Debug|Any CPU.Build.0 = Debug|Any CPU
		{FC6B6A95-E522-4225-A0A6-22DB09E55C73}.Release|Any CPU.ActiveCfg = Release|Any CPU
		{FC6B6A95-E522-4225-A0A6-22DB09E55C73}.Release|Any CPU.Build.0 = Release|Any CPU
		{6FB87A7F-CA14-4D42-B2E6-636936213D08}.Debug|Any CPU.ActiveCfg = Debug|Any CPU
		{6FB87A7F-CA14-4D42-B2E6-636936213D08}.Debug|Any CPU.Build.0 = Debug|Any CPU
		{6FB87A7F-CA14-4D42-B2E6-636936213D08}.Release|Any CPU.ActiveCfg = Release|Any CPU
		{6FB87A7F-CA14-4D42-B2E6-636936213D08}.Release|Any CPU.Build.0 = Release|Any CPU
		{CE3EE43F-927F-4E82-9705-2771E9014A02}.Debug|Any CPU.ActiveCfg = Debug|Any CPU
		{CE3EE43F-927F-4E82-9705-2771E9014A02}.Debug|Any CPU.Build.0 = Debug|Any CPU
		{CE3EE43F-927F-4E82-9705-2771E9014A02}.Release|Any CPU.ActiveCfg = Release|Any CPU
		{CE3EE43F-927F-4E82-9705-2771E9014A02}.Release|Any CPU.Build.0 = Release|Any CPU
		{9E4A2BC0-19CC-4498-AE10-166C146DA58E}.Debug|Any CPU.ActiveCfg = Debug|Any CPU
		{9E4A2BC0-19CC-4498-AE10-166C146DA58E}.Debug|Any CPU.Build.0 = Debug|Any CPU
		{9E4A2BC0-19CC-4498-AE10-166C146DA58E}.Release|Any CPU.ActiveCfg = Release|Any CPU
		{9E4A2BC0-19CC-4498-AE10-166C146DA58E}.Release|Any CPU.Build.0 = Release|Any CPU
		{704168E8-FB4A-4655-87AD-C2FC18CD3979}.Debug|Any CPU.ActiveCfg = Debug|Any CPU
		{704168E8-FB4A-4655-87AD-C2FC18CD3979}.Debug|Any CPU.Build.0 = Debug|Any CPU
		{704168E8-FB4A-4655-87AD-C2FC18CD3979}.Release|Any CPU.ActiveCfg = Release|Any CPU
		{704168E8-FB4A-4655-87AD-C2FC18CD3979}.Release|Any CPU.Build.0 = Release|Any CPU
		{5A5254A6-F862-461B-8133-94D767A2D793}.Debug|Any CPU.ActiveCfg = Debug|Any CPU
		{5A5254A6-F862-461B-8133-94D767A2D793}.Debug|Any CPU.Build.0 = Debug|Any CPU
		{5A5254A6-F862-461B-8133-94D767A2D793}.Release|Any CPU.ActiveCfg = Release|Any CPU
		{5A5254A6-F862-461B-8133-94D767A2D793}.Release|Any CPU.Build.0 = Release|Any CPU
	EndGlobalSection
	GlobalSection(SolutionProperties) = preSolution
		HideSolutionNode = FALSE
	EndGlobalSection
	GlobalSection(NestedProjects) = preSolution
		{41851108-4470-491A-8CAE-672ADDB07549} = {6ACD4FC3-0553-4363-823A-4F7CB32DD7C0}
		{7457356C-B4F7-4199-9237-61DCA4A7132B} = {6ACD4FC3-0553-4363-823A-4F7CB32DD7C0}
		{D12E1A09-B1F4-4C89-B673-5D5C394939CB} = {6ACD4FC3-0553-4363-823A-4F7CB32DD7C0}
		{C4E34412-E4FE-4536-A2C5-9E5F9CAC301E} = {6ACD4FC3-0553-4363-823A-4F7CB32DD7C0}
		{FC6B6A95-E522-4225-A0A6-22DB09E55C73} = {6ACD4FC3-0553-4363-823A-4F7CB32DD7C0}
		{6FB87A7F-CA14-4D42-B2E6-636936213D08} = {6ACD4FC3-0553-4363-823A-4F7CB32DD7C0}
		{CE3EE43F-927F-4E82-9705-2771E9014A02} = {6ACD4FC3-0553-4363-823A-4F7CB32DD7C0}
		{9E4A2BC0-19CC-4498-AE10-166C146DA58E} = {6ACD4FC3-0553-4363-823A-4F7CB32DD7C0}
		{704168E8-FB4A-4655-87AD-C2FC18CD3979} = {6ACD4FC3-0553-4363-823A-4F7CB32DD7C0}
		{5A5254A6-F862-461B-8133-94D767A2D793} = {6ACD4FC3-0553-4363-823A-4F7CB32DD7C0}
	EndGlobalSection
EndGlobal
